{
  "originHash" : "9f6d8a5fdf869885adbb1c628470d4bd188c72cdb591ae2ed103a9c1c99bb29d",
  "pins" : [
    {
      "identity" : "bullitt_ios_sdk_binary",
      "kind" : "remoteSourceControl",
      "location" : "https://github.com/bullitt-mobile/bullitt_ios_sdk_binary",
      "state" : {
        "revision" : "7bbcc5e7fe42778df77803c8575f8e79800d5b79",
        "version" : "1.2.0"
      }
    }
  ],
  "version" : 3
}
