{
  "originHash" : "9f6d8a5fdf869885adbb1c628470d4bd188c72cdb591ae2ed103a9c1c99bb29d",
  "pins" : [
    {
      "identity" : "bullitt_ios_sdk_binary",
      "kind" : "remoteSourceControl",
      "location" : "https://github.com/bullitt-mobile/bullitt_ios_sdk_binary",
      "state" : {
        "revision" : "b102ae8ad119a8831259282ccf2ad433652f13cd",
        "version" : "1.0.0"
      }
    }
  ],
  "version" : 3
}
